<?xml version="1.0" encoding="utf-8"?>
<Project ToolsVersion="4.0" xmlns="http://schemas.microsoft.com/developer/msbuild/2003">
  <ItemGroup>
    <Filter Include="source">
      <UniqueIdentifier>{fa957577-0024-4385-ae39-45716ad25c43}</UniqueIdentifier>
      <Extensions>cpp;c;cxx;def;odl;idl;hpj;bat;asm</Extensions>
    </Filter>
    <Filter Include="include">
      <UniqueIdentifier>{6bf9869f-4ea3-40c4-a5f6-3332c0a52a99}</UniqueIdentifier>
      <Extensions>h;hpp;hxx;hm;inl;inc</Extensions>
    </Filter>
    <Filter Include="resource">
      <UniqueIdentifier>{b77c6414-d086-4b04-acff-1224c1be65ce}</UniqueIdentifier>
      <Extensions>rc;ico;cur;bmp;dlg;rc2;rct;bin;rgs;jpg;jpeg;jpe;png;manifest</Extensions>
    </Filter>
    <Filter Include="libs">
      <UniqueIdentifier>{aec1ac78-7681-4742-bc28-4d47c4f526b1}</UniqueIdentifier>
    </Filter>
  </ItemGroup>
  <ItemGroup>
    <ClInclude Include="resource.h">
      <Filter>include</Filter>
    </ClInclude>
    <ClInclude Include="main.h">
      <Filter>include</Filter>
    </ClInclude>
    <ClInclude Include="..\Classes\AppDelegate.h">
      <Filter>include</Filter>
    </ClInclude>
    <ClInclude Include="..\Classes\TalkNode.h">
      <Filter>include</Filter>
    </ClInclude>
    <ClInclude Include="..\Classes\Talking.h">
      <Filter>include</Filter>
    </ClInclude>
    <ClInclude Include="..\Classes\tinyxml\tinystr.h">
      <Filter>libs</Filter>
    </ClInclude>
    <ClInclude Include="..\Classes\tinyxml\tinyxml.h">
      <Filter>libs</Filter>
    </ClInclude>
    <ClInclude Include="..\Classes\MainScene.h">
      <Filter>include</Filter>
    </ClInclude>
    <ClInclude Include="..\Classes\HeroSprite.h">
      <Filter>include</Filter>
    </ClInclude>
    <ClInclude Include="..\Classes\TalkLayer.h">
      <Filter>include</Filter>
    </ClInclude>
    <ClInclude Include="..\Classes\Controller.h">
      <Filter>include</Filter>
    </ClInclude>
    <ClInclude Include="..\Classes\MapTiled.h">
      <Filter>include</Filter>
    </ClInclude>
    <ClInclude Include="..\Classes\Helper.h">
      <Filter>include</Filter>
    </ClInclude>
    <ClInclude Include="..\Classes\MenuScene.h">
      <Filter>include</Filter>
    </ClInclude>
    <ClInclude Include="..\Classes\NpcSprite.h">
      <Filter>include</Filter>
    </ClInclude>
  </ItemGroup>
  <ItemGroup>
    <ClCompile Include="main.cpp">
      <Filter>source</Filter>
    </ClCompile>
    <ClCompile Include="..\Classes\AppDelegate.cpp">
      <Filter>source</Filter>
    </ClCompile>
    <ClCompile Include="..\Classes\TalkNode.cpp">
      <Filter>source</Filter>
    </ClCompile>
    <ClCompile Include="..\Classes\Talking.cpp">
      <Filter>source</Filter>
    </ClCompile>
    <ClCompile Include="..\Classes\tinyxml\tinystr.cpp">
      <Filter>libs</Filter>
    </ClCompile>
    <ClCompile Include="..\Classes\tinyxml\tinyxml.cpp">
      <Filter>libs</Filter>
    </ClCompile>
    <ClCompile Include="..\Classes\tinyxml\tinyxmlerror.cpp">
      <Filter>libs</Filter>
    </ClCompile>
    <ClCompile Include="..\Classes\tinyxml\tinyxmlparser.cpp">
      <Filter>libs</Filter>
    </ClCompile>
    <ClCompile Include="..\Classes\MainScene.cpp">
      <Filter>source</Filter>
    </ClCompile>
    <ClCompile Include="..\Classes\HeroSprite.cpp">
      <Filter>source</Filter>
    </ClCompile>
    <ClCompile Include="..\Classes\TalkLayer.cpp">
      <Filter>source</Filter>
    </ClCompile>
    <ClCompile Include="..\Classes\Controller.cpp">
      <Filter>source</Filter>
    </ClCompile>
    <ClCompile Include="..\Classes\MapTiled.cpp">
      <Filter>source</Filter>
    </ClCompile>
    <ClCompile Include="..\Classes\Helper.cpp">
      <Filter>source</Filter>
    </ClCompile>
    <ClCompile Include="..\Classes\MenuScene.cpp">
      <Filter>source</Filter>
    </ClCompile>
    <ClCompile Include="..\Classes\NpcSprite.cpp">
      <Filter>source</Filter>
    </ClCompile>
  </ItemGroup>
</Project>